
Microsoft Visual Studio Solution File, Format Version 12.00
# Visual Studio 15
VisualStudioVersion = 15.0.28307.645
MinimumVisualStudioVersion = 10.0.40219.1
Project("{FAE04EC0-301F-11D3-BF4B-00C04F79EFBC}") = "SportsStore.WebUI", "SportsStore.WebUI\SportsStore.WebUI.csproj", "{CCCCB7F2-AB0E-4DFF-8AEF-36DA6C0C8340}"
EndProject
Project("{FAE04EC0-301F-11D3-BF4B-00C04F79EFBC}") = "SportsStore.UnitTest", "SportsStore.UnitTest\SportsStore.UnitTest.csproj", "{B09115FB-D705-4C7D-8AFA-E4ADAF392A48}"
	ProjectSection(ProjectDependencies) = postProject
		{CCCCB7F2-AB0E-4DFF-8AEF-36DA6C0C8340} = {CCCCB7F2-AB0E-4DFF-8AEF-36DA6C0C8340}
	EndProjectSection
EndProject
Project("{FAE04EC0-301F-11D3-BF4B-00C04F79EFBC}") = "SportsStore.Domain", "SportsStore.Domain\SportsStore.Domain.csproj", "{9EE6EF12-42C8-41F7-8020-A97A36C0A6A0}"
EndProject
Global
	GlobalSection(SolutionConfigurationPlatforms) = preSolution
		Debug|Any CPU = Debug|Any CPU
		Release|Any CPU = Release|Any CPU
	EndGlobalSection
	GlobalSection(ProjectConfigurationPlatforms) = postSolution
		{CCCCB7F2-AB0E-4DFF-8AEF-36DA6C0C8340}.Debug|Any CPU.ActiveCfg = Debug|Any CPU
		{CCCCB7F2-AB0E-4DFF-8AEF-36DA6C0C8340}.Debug|Any CPU.Build.0 = Debug|Any CPU
		{CCCCB7F2-AB0E-4DFF-8AEF-36DA6C0C8340}.Release|Any CPU.ActiveCfg = Release|Any CPU
		{CCCCB7F2-AB0E-4DFF-8AEF-36DA6C0C8340}.Release|Any CPU.Build.0 = Release|Any CPU
		{B09115FB-D705-4C7D-8AFA-E4ADAF392A48}.Debug|Any CPU.ActiveCfg = Debug|Any CPU
		{B09115FB-D705-4C7D-8AFA-E4ADAF392A48}.Debug|Any CPU.Build.0 = Debug|Any CPU
		{B09115FB-D705-4C7D-8AFA-E4ADAF392A48}.Release|Any CPU.ActiveCfg = Release|Any CPU
		{B09115FB-D705-4C7D-8AFA-E4ADAF392A48}.Release|Any CPU.Build.0 = Release|Any CPU
		{9EE6EF12-42C8-41F7-8020-A97A36C0A6A0}.Debug|Any CPU.ActiveCfg = Debug|Any CPU
		{9EE6EF12-42C8-41F7-8020-A97A36C0A6A0}.Debug|Any CPU.Build.0 = Debug|Any CPU
		{9EE6EF12-42C8-41F7-8020-A97A36C0A6A0}.Release|Any CPU.ActiveCfg = Release|Any CPU
		{9EE6EF12-42C8-41F7-8020-A97A36C0A6A0}.Release|Any CPU.Build.0 = Release|Any CPU
	EndGlobalSection
	GlobalSection(SolutionProperties) = preSolution
		HideSolutionNode = FALSE
	EndGlobalSection
	GlobalSection(ExtensibilityGlobals) = postSolution
		SolutionGuid = {2F5B091A-394A-43E3-95BC-BD9EE3DAB712}
	EndGlobalSection
EndGlobal
